
Microsoft Visual Studio Solution File, Format Version 12.00
# Visual Studio Version 17
VisualStudioVersion = 17.5.002.0
MinimumVisualStudioVersion = 10.0.40219.1
Project("{9A19103F-16F7-4668-BE54-9A1E7A4F7556}") = ".Net-string-to-integer-validator", ".Net-string-to-integer-validator.csproj", "{AAFC4154-5ADF-48AB-AB6F-23829CEA644E}"
EndProject
Global
	GlobalSection(SolutionConfigurationPlatforms) = preSolution
		Debug|Any CPU = Debug|Any CPU
		Release|Any CPU = Release|Any CPU
	EndGlobalSection
	GlobalSection(ProjectConfigurationPlatforms) = postSolution
		{AAFC4154-5ADF-48AB-AB6F-23829CEA644E}.Debug|Any CPU.ActiveCfg = Debug|Any CPU
		{AAFC4154-5ADF-48AB-AB6F-23829CEA644E}.Debug|Any CPU.Build.0 = Debug|Any CPU
		{AAFC4154-5ADF-48AB-AB6F-23829CEA644E}.Release|Any CPU.ActiveCfg = Release|Any CPU
		{AAFC4154-5ADF-48AB-AB6F-23829CEA644E}.Release|Any CPU.Build.0 = Release|Any CPU
	EndGlobalSection
	GlobalSection(SolutionProperties) = preSolution
		HideSolutionNode = FALSE
	EndGlobalSection
	GlobalSection(ExtensibilityGlobals) = postSolution
		SolutionGuid = {912DA7D4-E98B-495E-8A52-553BEFE1ACC1}
	EndGlobalSection
EndGlobal
